// !$*UTF8*$!
{
	archiveVersion = 1;
	classes = {
	};
	objectVersion = 55;
	objects = {

/* Begin PBXBuildFile section */
		234A31B756AE2CB5A5506D60 /* Pods_appFireBase.framework in Frameworks */ = {isa = PBXBuildFile; fileRef = 5E0BCAB26CEB0A466EE59926 /* Pods_appFireBase.framework */; };
		E869690D273D73580059EE93 /* AppDelegate.swift in Sources */ = {isa = PBXBuildFile; fileRef = E869690C273D73580059EE93 /* AppDelegate.swift */; };
		E869690F273D73580059EE93 /* SceneDelegate.swift in Sources */ = {isa = PBXBuildFile; fileRef = E869690E273D73580059EE93 /* SceneDelegate.swift */; };
		E8696911273D73580059EE93 /* ViewController.swift in Sources */ = {isa = PBXBuildFile; fileRef = E8696910273D73580059EE93 /* ViewController.swift */; };
		E8696914273D73580059EE93 /* Main.storyboard in Resources */ = {isa = PBXBuildFile; fileRef = E8696912273D73580059EE93 /* Main.storyboard */; };
		E8696916273D73590059EE93 /* Assets.xcassets in Resources */ = {isa = PBXBuildFile; fileRef = E8696915273D73590059EE93 /* Assets.xcassets */; };
		E8696919273D73590059EE93 /* LaunchScreen.storyboard in Resources */ = {isa = PBXBuildFile; fileRef = E8696917273D73590059EE93 /* LaunchScreen.storyboard */; };
		E8696921273D7DAD0059EE93 /* AuthViewController.swift in Sources */ = {isa = PBXBuildFile; fileRef = E8696920273D7DAD0059EE93 /* AuthViewController.swift */; };
		E8696923273D83C60059EE93 /* GoogleService-Info.plist in Resources */ = {isa = PBXBuildFile; fileRef = E8696922273D83C60059EE93 /* GoogleService-Info.plist */; };
/* End PBXBuildFile section */

/* Begin PBXFileReference section */
		5293E648B2D9B5529DC654C3 /* Pods-appFireBase.release.xcconfig */ = {isa = PBXFileReference; includeInIndex = 1; lastKnownFileType = text.xcconfig; name = "Pods-appFireBase.release.xcconfig"; path = "Target Support Files/Pods-appFireBase/Pods-appFireBase.release.xcconfig"; sourceTree = "<group>"; };
		5E0BCAB26CEB0A466EE59926 /* Pods_appFireBase.framework */ = {isa = PBXFileReference; explicitFileType = wrapper.framework; includeInIndex = 0; path = Pods_appFireBase.framework; sourceTree = BUILT_PRODUCTS_DIR; };
		6ACB0C5F7FA781365F8AF915 /* Pods-appFireBase.debug.xcconfig */ = {isa = PBXFileReference; includeInIndex = 1; lastKnownFileType = text.xcconfig; name = "Pods-appFireBase.debug.xcconfig"; path = "Target Support Files/Pods-appFireBase/Pods-appFireBase.debug.xcconfig"; sourceTree = "<group>"; };
		E8696909273D73580059EE93 /* appFireBase.app */ = {isa = PBXFileReference; explicitFileType = wrapper.application; includeInIndex = 0; path = appFireBase.app; sourceTree = BUILT_PRODUCTS_DIR; };
		E869690C273D73580059EE93 /* AppDelegate.swift */ = {isa = PBXFileReference; lastKnownFileType = sourcecode.swift; path = AppDelegate.swift; sourceTree = "<group>"; };
		E869690E273D73580059EE93 /* SceneDelegate.swift */ = {isa = PBXFileReference; lastKnownFileType = sourcecode.swift; path = SceneDelegate.swift; sourceTree = "<group>"; };
		E8696910273D73580059EE93 /* ViewController.swift */ = {isa = PBXFileReference; lastKnownFileType = sourcecode.swift; path = ViewController.swift; sourceTree = "<group>"; };
		E8696913273D73580059EE93 /* Base */ = {isa = PBXFileReference; lastKnownFileType = file.storyboard; name = Base; path = Base.lproj/Main.storyboard; sourceTree = "<group>"; };
		E8696915273D73590059EE93 /* Assets.xcassets */ = {isa = PBXFileReference; lastKnownFileType = folder.assetcatalog; path = Assets.xcassets; sourceTree = "<group>"; };
		E8696918273D73590059EE93 /* Base */ = {isa = PBXFileReference; lastKnownFileType = file.storyboard; name = Base; path = Base.lproj/LaunchScreen.storyboard; sourceTree = "<group>"; };
		E869691A273D73590059EE93 /* Info.plist */ = {isa = PBXFileReference; lastKnownFileType = text.plist.xml; path = Info.plist; sourceTree = "<group>"; };
		E8696920273D7DAD0059EE93 /* AuthViewController.swift */ = {isa = PBXFileReference; lastKnownFileType = sourcecode.swift; path = AuthViewController.swift; sourceTree = "<group>"; };
		E8696922273D83C60059EE93 /* GoogleService-Info.plist */ = {isa = PBXFileReference; fileEncoding = 4; lastKnownFileType = text.plist.xml; path = "GoogleService-Info.plist"; sourceTree = "<group>"; };
/* End PBXFileReference section */

/* Begin PBXFrameworksBuildPhase section */
		E8696906273D73580059EE93 /* Frameworks */ = {
			isa = PBXFrameworksBuildPhase;
			buildActionMask = 2147483647;
			files = (
				234A31B756AE2CB5A5506D60 /* Pods_appFireBase.framework in Frameworks */,
			);
			runOnlyForDeploymentPostprocessing = 0;
		};
/* End PBXFrameworksBuildPhase section */

/* Begin PBXGroup section */
		317526B22CD6A577FB7BB76E /* Frameworks */ = {
			isa = PBXGroup;
			children = (
				5E0BCAB26CEB0A466EE59926 /* Pods_appFireBase.framework */,
			);
			name = Frameworks;
			sourceTree = "<group>";
		};
		A99281B5BA1CA3FB3D032476 /* Pods */ = {
			isa = PBXGroup;
			children = (
				6ACB0C5F7FA781365F8AF915 /* Pods-appFireBase.debug.xcconfig */,
				5293E648B2D9B5529DC654C3 /* Pods-appFireBase.release.xcconfig */,
			);
			path = Pods;
			sourceTree = "<group>";
		};
		E8696900273D73580059EE93 = {
			isa = PBXGroup;
			children = (
				E869690B273D73580059EE93 /* appFireBase */,
				E869690A273D73580059EE93 /* Products */,
				A99281B5BA1CA3FB3D032476 /* Pods */,
				317526B22CD6A577FB7BB76E /* Frameworks */,
			);
			sourceTree = "<group>";
		};
		E869690A273D73580059EE93 /* Products */ = {
			isa = PBXGroup;
			children = (
				E8696909273D73580059EE93 /* appFireBase.app */,
			);
			name = Products;
			sourceTree = "<group>";
		};
		E869690B273D73580059EE93 /* appFireBase */ = {
			isa = PBXGroup;
			children = (
				E869690C273D73580059EE93 /* AppDelegate.swift */,
				E869690E273D73580059EE93 /* SceneDelegate.swift */,
				E8696910273D73580059EE93 /* ViewController.swift */,
				E8696912273D73580059EE93 /* Main.storyboard */,
				E8696915273D73590059EE93 /* Assets.xcassets */,
				E8696917273D73590059EE93 /* LaunchScreen.storyboard */,
				E869691A273D73590059EE93 /* Info.plist */,
				E8696920273D7DAD0059EE93 /* AuthViewController.swift */,
				E8696922273D83C60059EE93 /* GoogleService-Info.plist */,
			);
			path = appFireBase;
			sourceTree = "<group>";
		};
/* End PBXGroup section */

/* Begin PBXNativeTarget section */
		E8696908273D73580059EE93 /* appFireBase */ = {
			isa = PBXNativeTarget;
			buildConfigurationList = E869691D273D73590059EE93 /* Build configuration list for PBXNativeTarget "appFireBase" */;
			buildPhases = (
				FA080584CE71044F9DF9BBAA /* [CP] Check Pods Manifest.lock */,
				E8696905273D73580059EE93 /* Sources */,
				E8696906273D73580059EE93 /* Frameworks */,
				E8696907273D73580059EE93 /* Resources */,
				9EB548548B1CF38C107149AF /* [CP] Embed Pods Frameworks */,
			);
			buildRules = (
			);
			dependencies = (
			);
			name = appFireBase;
			productName = appFireBase;
			productReference = E8696909273D73580059EE93 /* appFireBase.app */;
			productType = "com.apple.product-type.application";
		};
/* End PBXNativeTarget section */

/* Begin PBXProject section */
		E8696901273D73580059EE93 /* Project object */ = {
			isa = PBXProject;
			attributes = {
				BuildIndependentTargetsInParallel = 1;
				LastSwiftUpdateCheck = 1310;
				LastUpgradeCheck = 1310;
				TargetAttributes = {
					E8696908273D73580059EE93 = {
						CreatedOnToolsVersion = 13.1;
					};
				};
			};
			buildConfigurationList = E8696904273D73580059EE93 /* Build configuration list for PBXProject "appFireBase" */;
			compatibilityVersion = "Xcode 13.0";
			developmentRegion = en;
			hasScannedForEncodings = 0;
			knownRegions = (
				en,
				Base,
			);
			mainGroup = E8696900273D73580059EE93;
			productRefGroup = E869690A273D73580059EE93 /* Products */;
			projectDirPath = "";
			projectRoot = "";
			targets = (
				E8696908273D73580059EE93 /* appFireBase */,
			);
		};
/* End PBXProject section */

/* Begin PBXResourcesBuildPhase section */
		E8696907273D73580059EE93 /* Resources */ = {
			isa = PBXResourcesBuildPhase;
			buildActionMask = 2147483647;
			files = (
				E8696919273D73590059EE93 /* LaunchScreen.storyboard in Resources */,
				E8696923273D83C60059EE93 /* GoogleService-Info.plist in Resources */,
				E8696916273D73590059EE93 /* Assets.xcassets in Resources */,
				E8696914273D73580059EE93 /* Main.storyboard in Resources */,
			);
			runOnlyForDeploymentPostprocessing = 0;
		};
/* End PBXResourcesBuildPhase section */

/* Begin PBXShellScriptBuildPhase section */
		9EB548548B1CF38C107149AF /* [CP] Embed Pods Frameworks */ = {
			isa = PBXShellScriptBuildPhase;
			buildActionMask = 2147483647;
			files = (
			);
			inputFileListPaths = (
				"${PODS_ROOT}/Target Support Files/Pods-appFireBase/Pods-appFireBase-frameworks-${CONFIGURATION}-input-files.xcfilelist",
			);
			name = "[CP] Embed Pods Frameworks";
			outputFileListPaths = (
				"${PODS_ROOT}/Target Support Files/Pods-appFireBase/Pods-appFireBase-frameworks-${CONFIGURATION}-output-files.xcfilelist",
			);
			runOnlyForDeploymentPostprocessing = 0;
			shellPath = /bin/sh;
			shellScript = "\"${PODS_ROOT}/Target Support Files/Pods-appFireBase/Pods-appFireBase-frameworks.sh\"\n";
			showEnvVarsInLog = 0;
		};
		FA080584CE71044F9DF9BBAA /* [CP] Check Pods Manifest.lock */ = {
			isa = PBXShellScriptBuildPhase;
			buildActionMask = 2147483647;
			files = (
			);
			inputFileListPaths = (
			);
			inputPaths = (
				"${PODS_PODFILE_DIR_PATH}/Podfile.lock",
				"${PODS_ROOT}/Manifest.lock",
			);
			name = "[CP] Check Pods Manifest.lock";
			outputFileListPaths = (
			);
			outputPaths = (
				"$(DERIVED_FILE_DIR)/Pods-appFireBase-checkManifestLockResult.txt",
			);
			runOnlyForDeploymentPostprocessing = 0;
			shellPath = /bin/sh;
			shellScript = "diff \"${PODS_PODFILE_DIR_PATH}/Podfile.lock\" \"${PODS_ROOT}/Manifest.lock\" > /dev/null\nif [ $? != 0 ] ; then\n    # print error to STDERR\n    echo \"error: The sandbox is not in sync with the Podfile.lock. Run 'pod install' or update your CocoaPods installation.\" >&2\n    exit 1\nfi\n# This output is used by Xcode 'outputs' to avoid re-running this script phase.\necho \"SUCCESS\" > \"${SCRIPT_OUTPUT_FILE_0}\"\n";
			showEnvVarsInLog = 0;
		};
/* End PBXShellScriptBuildPhase section */

/* Begin PBXSourcesBuildPhase section */
		E8696905273D73580059EE93 /* Sources */ = {
			isa = PBXSourcesBuildPhase;
			buildActionMask = 2147483647;
			files = (
				E8696921273D7DAD0059EE93 /* AuthViewController.swift in Sources */,
				E8696911273D73580059EE93 /* ViewController.swift in Sources */,
				E869690D273D73580059EE93 /* AppDelegate.swift in Sources */,
				E869690F273D73580059EE93 /* SceneDelegate.swift in Sources */,
			);
			runOnlyForDeploymentPostprocessing = 0;
		};
/* End PBXSourcesBuildPhase section */

/* Begin PBXVariantGroup section */
		E8696912273D73580059EE93 /* Main.storyboard */ = {
			isa = PBXVariantGroup;
			children = (
				E8696913273D73580059EE93 /* Base */,
			);
			name = Main.storyboard;
			sourceTree = "<group>";
		};
		E8696917273D73590059EE93 /* LaunchScreen.storyboard */ = {
			isa = PBXVariantGroup;
			children = (
				E8696918273D73590059EE93 /* Base */,
			);
			name = LaunchScreen.storyboard;
			sourceTree = "<group>";
		};
/* End PBXVariantGroup section */

/* Begin XCBuildConfiguration section */
		E869691B273D73590059EE93 /* Debug */ = {
			isa = XCBuildConfiguration;
			buildSettings = {
				ALWAYS_SEARCH_USER_PATHS = NO;
				CLANG_ANALYZER_NONNULL = YES;
				CLANG_ANALYZER_NUMBER_OBJECT_CONVERSION = YES_AGGRESSIVE;
				CLANG_CXX_LANGUAGE_STANDARD = "gnu++17";
				CLANG_CXX_LIBRARY = "libc++";
				CLANG_ENABLE_MODULES = YES;
				CLANG_ENABLE_OBJC_ARC = YES;
				CLANG_ENABLE_OBJC_WEAK = YES;
				CLANG_WARN_BLOCK_CAPTURE_AUTORELEASING = YES;
				CLANG_WARN_BOOL_CONVERSION = YES;
				CLANG_WARN_COMMA = YES;
				CLANG_WARN_CONSTANT_CONVERSION = YES;
				CLANG_WARN_DEPRECATED_OBJC_IMPLEMENTATIONS = YES;
				CLANG_WARN_DIRECT_OBJC_ISA_USAGE = YES_ERROR;
				CLANG_WARN_DOCUMENTATION_COMMENTS = YES;
				CLANG_WARN_EMPTY_BODY = YES;
				CLANG_WARN_ENUM_CONVERSION = YES;
				CLANG_WARN_INFINITE_RECURSION = YES;
				CLANG_WARN_INT_CONVERSION = YES;
				CLANG_WARN_NON_LITERAL_NULL_CONVERSION = YES;
				CLANG_WARN_OBJC_IMPLICIT_RETAIN_SELF = YES;
				CLANG_WARN_OBJC_LITERAL_CONVERSION = YES;
				CLANG_WARN_OBJC_ROOT_CLASS = YES_ERROR;
				CLANG_WARN_QUOTED_INCLUDE_IN_FRAMEWORK_HEADER = YES;
				CLANG_WARN_RANGE_LOOP_ANALYSIS = YES;
				CLANG_WARN_STRICT_PROTOTYPES = YES;
				CLANG_WARN_SUSPICIOUS_MOVE = YES;
				CLANG_WARN_UNGUARDED_AVAILABILITY = YES_AGGRESSIVE;
				CLANG_WARN_UNREACHABLE_CODE = YES;
				CLANG_WARN__DUPLICATE_METHOD_MATCH = YES;
				COPY_PHASE_STRIP = NO;
				DEBUG_INFORMATION_FORMAT = dwarf;
				ENABLE_STRICT_OBJC_MSGSEND = YES;
				ENABLE_TESTABILITY = YES;
				GCC_C_LANGUAGE_STANDARD = gnu11;
				GCC_DYNAMIC_NO_PIC = NO;
				GCC_NO_COMMON_BLOCKS = YES;
				GCC_OPTIMIZATION_LEVEL = 0;
				GCC_PREPROCESSOR_DEFINITIONS = (
					"DEBUG=1",
					"$(inherited)",
				);
				GCC_WARN_64_TO_32_BIT_CONVERSION = YES;
				GCC_WARN_ABOUT_RETURN_TYPE = YES_ERROR;
				GCC_WARN_UNDECLARED_SELECTOR = YES;
				GCC_WARN_UNINITIALIZED_AUTOS = YES_AGGRESSIVE;
				GCC_WARN_UNUSED_FUNCTION = YES;
				GCC_WARN_UNUSED_VARIABLE = YES;
				IPHONEOS_DEPLOYMENT_TARGET = 15.0;
				MTL_ENABLE_DEBUG_INFO = INCLUDE_SOURCE;
				MTL_FAST_MATH = YES;
				ONLY_ACTIVE_ARCH = YES;
				SDKROOT = iphoneos;
				SWIFT_ACTIVE_COMPILATION_CONDITIONS = DEBUG;
				SWIFT_OPTIMIZATION_LEVEL = "-Onone";
			};
			name = Debug;
		};
		E869691C273D73590059EE93 /* Release */ = {
			isa = XCBuildConfiguration;
			buildSettings = {
				ALWAYS_SEARCH_USER_PATHS = NO;
				CLANG_ANALYZER_NONNULL = YES;
				CLANG_ANALYZER_NUMBER_OBJECT_CONVERSION = YES_AGGRESSIVE;
				CLANG_CXX_LANGUAGE_STANDARD = "gnu++17";
				CLANG_CXX_LIBRARY = "libc++";
				CLANG_ENABLE_MODULES = YES;
				CLANG_ENABLE_OBJC_ARC = YES;
				CLANG_ENABLE_OBJC_WEAK = YES;
				CLANG_WARN_BLOCK_CAPTURE_AUTORELEASING = YES;
				CLANG_WARN_BOOL_CONVERSION = YES;
				CLANG_WARN_COMMA = YES;
				CLANG_WARN_CONSTANT_CONVERSION = YES;
				CLANG_WARN_DEPRECATED_OBJC_IMPLEMENTATIONS = YES;
				CLANG_WARN_DIRECT_OBJC_ISA_USAGE = YES_ERROR;
				CLANG_WARN_DOCUMENTATION_COMMENTS = YES;
				CLANG_WARN_EMPTY_BODY = YES;
				CLANG_WARN_ENUM_CONVERSION = YES;
				CLANG_WARN_INFINITE_RECURSION = YES;
				CLANG_WARN_INT_CONVERSION = YES;
				CLANG_WARN_NON_LITERAL_NULL_CONVERSION = YES;
				CLANG_WARN_OBJC_IMPLICIT_RETAIN_SELF = YES;
				CLANG_WARN_OBJC_LITERAL_CONVERSION = YES;
				CLANG_WARN_OBJC_ROOT_CLASS = YES_ERROR;
				CLANG_WARN_QUOTED_INCLUDE_IN_FRAMEWORK_HEADER = YES;
				CLANG_WARN_RANGE_LOOP_ANALYSIS = YES;
				CLANG_WARN_STRICT_PROTOTYPES = YES;
				CLANG_WARN_SUSPICIOUS_MOVE = YES;
				CLANG_WARN_UNGUARDED_AVAILABILITY = YES_AGGRESSIVE;
				CLANG_WARN_UNREACHABLE_CODE = YES;
				CLANG_WARN__DUPLICATE_METHOD_MATCH = YES;
				COPY_PHASE_STRIP = NO;
				DEBUG_INFORMATION_FORMAT = "dwarf-with-dsym";
				ENABLE_NS_ASSERTIONS = NO;
				ENABLE_STRICT_OBJC_MSGSEND = YES;
				GCC_C_LANGUAGE_STANDARD = gnu11;
				GCC_NO_COMMON_BLOCKS = YES;
				GCC_WARN_64_TO_32_BIT_CONVERSION = YES;
				GCC_WARN_ABOUT_RETURN_TYPE = YES_ERROR;
				GCC_WARN_UNDECLARED_SELECTOR = YES;
				GCC_WARN_UNINITIALIZED_AUTOS = YES_AGGRESSIVE;
				GCC_WARN_UNUSED_FUNCTION = YES;
				GCC_WARN_UNUSED_VARIABLE = YES;
				IPHONEOS_DEPLOYMENT_TARGET = 15.0;
				MTL_ENABLE_DEBUG_INFO = NO;
				MTL_FAST_MATH = YES;
				SDKROOT = iphoneos;
				SWIFT_COMPILATION_MODE = wholemodule;
				SWIFT_OPTIMIZATION_LEVEL = "-O";
				VALIDATE_PRODUCT = YES;
			};
			name = Release;
		};
		E869691E273D73590059EE93 /* Debug */ = {
			isa = XCBuildConfiguration;
			baseConfigurationReference = 6ACB0C5F7FA781365F8AF915 /* Pods-appFireBase.debug.xcconfig */;
			buildSettings = {
				ASSETCATALOG_COMPILER_APPICON_NAME = AppIcon;
				ASSETCATALOG_COMPILER_GLOBAL_ACCENT_COLOR_NAME = AccentColor;
				CODE_SIGN_STYLE = Automatic;
				CURRENT_PROJECT_VERSION = 1;
				DEVELOPMENT_TEAM = DB7K976N4R;
				GENERATE_INFOPLIST_FILE = YES;
				INFOPLIST_FILE = appFireBase/Info.plist;
				INFOPLIST_KEY_CFBundleDisplayName = appFireBase;
				INFOPLIST_KEY_UIApplicationSupportsIndirectInputEvents = YES;
				INFOPLIST_KEY_UILaunchStoryboardName = LaunchScreen;
				INFOPLIST_KEY_UIMainStoryboardFile = Main;
				INFOPLIST_KEY_UISupportedInterfaceOrientations_iPad = "UIInterfaceOrientationPortrait UIInterfaceOrientationPortraitUpsideDown UIInterfaceOrientationLandscapeLeft UIInterfaceOrientationLandscapeRight";
				INFOPLIST_KEY_UISupportedInterfaceOrientations_iPhone = "UIInterfaceOrientationPortrait UIInterfaceOrientationLandscapeLeft UIInterfaceOrientationLandscapeRight";
				LD_RUNPATH_SEARCH_PATHS = (
					"$(inherited)",
					"@executable_path/Frameworks",
				);
				MARKETING_VERSION = 1.0;
				PRODUCT_BUNDLE_IDENTIFIER = Ramzich.appFireBase;
				PRODUCT_NAME = "$(TARGET_NAME)";
				SWIFT_EMIT_LOC_STRINGS = YES;
				SWIFT_VERSION = 5.0;
				TARGETED_DEVICE_FAMILY = "1,2";
			};
			name = Debug;
		};
		E869691F273D73590059EE93 /* Release */ = {
			isa = XCBuildConfiguration;
			baseConfigurationReference = 5293E648B2D9B5529DC654C3 /* Pods-appFireBase.release.xcconfig */;
			buildSettings = {
				ASSETCATALOG_COMPILER_APPICON_NAME = AppIcon;
				ASSETCATALOG_COMPILER_GLOBAL_ACCENT_COLOR_NAME = AccentColor;
				CODE_SIGN_STYLE = Automatic;
				CURRENT_PROJECT_VERSION = 1;
				DEVELOPMENT_TEAM = DB7K976N4R;
				GENERATE_INFOPLIST_FILE = YES;
				INFOPLIST_FILE = appFireBase/Info.plist;
				INFOPLIST_KEY_CFBundleDisplayName = appFireBase;
				INFOPLIST_KEY_UIApplicationSupportsIndirectInputEvents = YES;
				INFOPLIST_KEY_UILaunchStoryboardName = LaunchScreen;
				INFOPLIST_KEY_UIMainStoryboardFile = Main;
				INFOPLIST_KEY_UISupportedInterfaceOrientations_iPad = "UIInterfaceOrientationPortrait UIInterfaceOrientationPortraitUpsideDown UIInterfaceOrientationLandscapeLeft UIInterfaceOrientationLandscapeRight";
				INFOPLIST_KEY_UISupportedInterfaceOrientations_iPhone = "UIInterfaceOrientationPortrait UIInterfaceOrientationLandscapeLeft UIInterfaceOrientationLandscapeRight";
				LD_RUNPATH_SEARCH_PATHS = (
					"$(inherited)",
					"@executable_path/Frameworks",
				);
				MARKETING_VERSION = 1.0;
				PRODUCT_BUNDLE_IDENTIFIER = Ramzich.appFireBase;
				PRODUCT_NAME = "$(TARGET_NAME)";
				SWIFT_EMIT_LOC_STRINGS = YES;
				SWIFT_VERSION = 5.0;
				TARGETED_DEVICE_FAMILY = "1,2";
			};
			name = Release;
		};
/* End XCBuildConfiguration section */

/* Begin XCConfigurationList section */
		E8696904273D73580059EE93 /* Build configuration list for PBXProject "appFireBase" */ = {
			isa = XCConfigurationList;
			buildConfigurations = (
				E869691B273D73590059EE93 /* Debug */,
				E869691C273D73590059EE93 /* Release */,
			);
			defaultConfigurationIsVisible = 0;
			defaultConfigurationName = Release;
		};
		E869691D273D73590059EE93 /* Build configuration list for PBXNativeTarget "appFireBase" */ = {
			isa = XCConfigurationList;
			buildConfigurations = (
				E869691E273D73590059EE93 /* Debug */,
				E869691F273D73590059EE93 /* Release */,
			);
			defaultConfigurationIsVisible = 0;
			defaultConfigurationName = Release;
		};
/* End XCConfigurationList section */
	};
	rootObject = E8696901273D73580059EE93 /* Project object */;
}
